# THIS IS AN AUTOGENERATED FILE. DO NOT EDIT THIS FILE DIRECTLY.
# yarn lockfile v1


playwright-core@1.23.2:
  version "1.23.2"
  resolved "https://registry.yarnpkg.com/playwright-core/-/playwright-core-1.23.2.tgz#ddc15b3251e42ee0eed82a96ece3f7b2641d75a4"
  integrity sha512-UGbutIr0nBALDHWW/HcXfyK6ZdmefC99Moo4qyTr89VNIkYZuDrW8Sw554FyFUamcFSdKOgDPk6ECSkofGIZjQ==

playwright@^1.23.2:
  version "1.23.2"
  resolved "https://registry.yarnpkg.com/playwright/-/playwright-1.23.2.tgz#379eccbaed58ba23152d02934b4bc5104b4b7e60"
  integrity sha512-c7nyyuDRifGBUNb+/zZh4AjyQXQISVHZY2cpHCsSIWueZNtY7q6Qfv0hJbVdtJhWSGgcix0hmES30l5jlPmy5Q==
  dependencies:
    playwright-core "1.23.2"
